
Microsoft Visual Studio Solution File, Format Version 12.00
# Visual Studio 15
VisualStudioVersion = 15.0.28307.1022
MinimumVisualStudioVersion = 10.0.40219.1
Project("{FAE04EC0-301F-11D3-BF4B-00C04F79EFBC}") = "DAN_LIV_Dejan_Prodanovic", "DAN_LIV_Dejan_Prodanovic\DAN_LIV_Dejan_Prodanovic.csproj", "{D1F7288E-7207-478D-8D74-B600BB373D28}"
EndProject
Global
	GlobalSection(SolutionConfigurationPlatforms) = preSolution
		Debug|Any CPU = Debug|Any CPU
		Release|Any CPU = Release|Any CPU
	EndGlobalSection
	GlobalSection(ProjectConfigurationPlatforms) = postSolution
		{D1F7288E-7207-478D-8D74-B600BB373D28}.Debug|Any CPU.ActiveCfg = Debug|Any CPU
		{D1F7288E-7207-478D-8D74-B600BB373D28}.Debug|Any CPU.Build.0 = Debug|Any CPU
		{D1F7288E-7207-478D-8D74-B600BB373D28}.Release|Any CPU.ActiveCfg = Release|Any CPU
		{D1F7288E-7207-478D-8D74-B600BB373D28}.Release|Any CPU.Build.0 = Release|Any CPU
	EndGlobalSection
	GlobalSection(SolutionProperties) = preSolution
		HideSolutionNode = FALSE
	EndGlobalSection
	GlobalSection(ExtensibilityGlobals) = postSolution
		SolutionGuid = {24F560AE-CDCE-405E-9EEB-5705BC02AD7E}
	EndGlobalSection
EndGlobal
